<?xml version="1.0" encoding="UTF-8"?>
<Project ToolsVersion="12.0" xmlns="http://schemas.microsoft.com/developer/msbuild/2003">
  <ItemGroup>
    <CustomBuild Include="D:\git\cpp_redis\Build_Win32\CMakeFiles\151f65dc61bf4b1693661d105ce40027\INSTALL_force.rule">
      <Filter>CMake Rules</Filter>
    </CustomBuild>
  </ItemGroup>
  <ItemGroup>
    <Filter Include="CMake Rules">
      <UniqueIdentifier>{DC456976-7AB1-3B94-B1C6-6153809662CE}</UniqueIdentifier>
    </Filter>
  </ItemGroup>
</Project>
