<?xml version="1.0" encoding="UTF-8"?>
<Project ToolsVersion="12.0" xmlns="http://schemas.microsoft.com/developer/msbuild/2003">
  <ItemGroup>
    <ClCompile Include="D:\git\cpp_redis\sources\future_client.cpp">
      <Filter>Source Files</Filter>
    </ClCompile>
    <ClCompile Include="D:\git\cpp_redis\sources\logger.cpp">
      <Filter>Source Files</Filter>
    </ClCompile>
    <ClCompile Include="D:\git\cpp_redis\sources\redis_client.cpp">
      <Filter>Source Files</Filter>
    </ClCompile>
    <ClCompile Include="D:\git\cpp_redis\sources\redis_subscriber.cpp">
      <Filter>Source Files</Filter>
    </ClCompile>
    <ClCompile Include="D:\git\cpp_redis\sources\reply.cpp">
      <Filter>Source Files</Filter>
    </ClCompile>
    <ClCompile Include="D:\git\cpp_redis\sources\network\redis_connection.cpp">
      <Filter>Source Files</Filter>
    </ClCompile>
    <ClCompile Include="D:\git\cpp_redis\sources\builders\array_builder.cpp">
      <Filter>Source Files</Filter>
    </ClCompile>
    <ClCompile Include="D:\git\cpp_redis\sources\builders\builders_factory.cpp">
      <Filter>Source Files</Filter>
    </ClCompile>
    <ClCompile Include="D:\git\cpp_redis\sources\builders\bulk_string_builder.cpp">
      <Filter>Source Files</Filter>
    </ClCompile>
    <ClCompile Include="D:\git\cpp_redis\sources\builders\error_builder.cpp">
      <Filter>Source Files</Filter>
    </ClCompile>
    <ClCompile Include="D:\git\cpp_redis\sources\builders\integer_builder.cpp">
      <Filter>Source Files</Filter>
    </ClCompile>
    <ClCompile Include="D:\git\cpp_redis\sources\builders\reply_builder.cpp">
      <Filter>Source Files</Filter>
    </ClCompile>
    <ClCompile Include="D:\git\cpp_redis\sources\builders\simple_string_builder.cpp">
      <Filter>Source Files</Filter>
    </ClCompile>
  </ItemGroup>
  <ItemGroup>
    <ClInclude Include="D:\git\cpp_redis\includes\cpp_redis\future_client.hpp">
      <Filter>Header Files</Filter>
    </ClInclude>
    <ClInclude Include="D:\git\cpp_redis\includes\cpp_redis\logger.hpp">
      <Filter>Header Files</Filter>
    </ClInclude>
    <ClInclude Include="D:\git\cpp_redis\includes\cpp_redis\redis_client.hpp">
      <Filter>Header Files</Filter>
    </ClInclude>
    <ClInclude Include="D:\git\cpp_redis\includes\cpp_redis\redis_error.hpp">
      <Filter>Header Files</Filter>
    </ClInclude>
    <ClInclude Include="D:\git\cpp_redis\includes\cpp_redis\redis_subscriber.hpp">
      <Filter>Header Files</Filter>
    </ClInclude>
    <ClInclude Include="D:\git\cpp_redis\includes\cpp_redis\reply.hpp">
      <Filter>Header Files</Filter>
    </ClInclude>
    <ClInclude Include="D:\git\cpp_redis\includes\cpp_redis\builders\array_builder.hpp">
      <Filter>Header Files</Filter>
    </ClInclude>
    <ClInclude Include="D:\git\cpp_redis\includes\cpp_redis\builders\builder_iface.hpp">
      <Filter>Header Files</Filter>
    </ClInclude>
    <ClInclude Include="D:\git\cpp_redis\includes\cpp_redis\builders\builders_factory.hpp">
      <Filter>Header Files</Filter>
    </ClInclude>
    <ClInclude Include="D:\git\cpp_redis\includes\cpp_redis\builders\bulk_string_builder.hpp">
      <Filter>Header Files</Filter>
    </ClInclude>
    <ClInclude Include="D:\git\cpp_redis\includes\cpp_redis\builders\error_builder.hpp">
      <Filter>Header Files</Filter>
    </ClInclude>
    <ClInclude Include="D:\git\cpp_redis\includes\cpp_redis\builders\integer_builder.hpp">
      <Filter>Header Files</Filter>
    </ClInclude>
    <ClInclude Include="D:\git\cpp_redis\includes\cpp_redis\builders\reply_builder.hpp">
      <Filter>Header Files</Filter>
    </ClInclude>
    <ClInclude Include="D:\git\cpp_redis\includes\cpp_redis\builders\simple_string_builder.hpp">
      <Filter>Header Files</Filter>
    </ClInclude>
    <ClInclude Include="D:\git\cpp_redis\includes\cpp_redis\network\redis_connection.hpp">
      <Filter>Header Files</Filter>
    </ClInclude>
    <ClInclude Include="D:\git\cpp_redis\includes\cpp_redis\network\tcp_client.hpp">
      <Filter>Header Files</Filter>
    </ClInclude>
    <ClInclude Include="D:\git\cpp_redis\includes\cpp_redis\network\tcp_client_iface.hpp">
      <Filter>Header Files</Filter>
    </ClInclude>
  </ItemGroup>
  <ItemGroup>
    <CustomBuild Include="D:\git\cpp_redis\CMakeLists.txt" />
  </ItemGroup>
  <ItemGroup>
    <Filter Include="Source Files">
      <UniqueIdentifier>{0B748866-1E20-324C-A82A-D03C31A21A84}</UniqueIdentifier>
    </Filter>
    <Filter Include="Header Files">
      <UniqueIdentifier>{94DB8EBB-A20A-3C88-A13A-44E6C53B0CE3}</UniqueIdentifier>
    </Filter>
  </ItemGroup>
</Project>
