<?xml version="1.0" encoding="utf-8"?>
<Project ToolsVersion="12.0" xmlns="http://schemas.microsoft.com/developer/msbuild/2003">
  <ItemGroup>
    <ClCompile Include="..\..\sources\future_client.cpp" />
    <ClCompile Include="..\..\sources\logger.cpp" />
    <ClCompile Include="..\..\sources\redis_client.cpp" />
    <ClCompile Include="..\..\sources\redis_subscriber.cpp" />
    <ClCompile Include="..\..\sources\reply.cpp" />
    <ClCompile Include="..\..\sources\network\redis_connection.cpp" />
    <ClCompile Include="..\..\sources\builders\array_builder.cpp" />
    <ClCompile Include="..\..\sources\builders\builders_factory.cpp" />
    <ClCompile Include="..\..\sources\builders\bulk_string_builder.cpp" />
    <ClCompile Include="..\..\sources\builders\error_builder.cpp" />
    <ClCompile Include="..\..\sources\builders\integer_builder.cpp" />
    <ClCompile Include="..\..\sources\builders\reply_builder.cpp" />
    <ClCompile Include="..\..\sources\builders\simple_string_builder.cpp" />
    <ClCompile Include="..\..\tacopie\sources\error.cpp" />
    <ClCompile Include="..\..\tacopie\sources\logger.cpp" />
    <ClCompile Include="..\..\tacopie\sources\network\tcp_client.cpp" />
    <ClCompile Include="..\..\tacopie\sources\network\tcp_server.cpp" />
    <ClCompile Include="..\..\tacopie\sources\utils\thread_pool.cpp" />
    <ClCompile Include="..\..\tacopie\sources\network\windows\io_service.cpp" />
    <ClCompile Include="..\..\tacopie\sources\network\windows\self_pipe.cpp" />
    <ClCompile Include="..\..\tacopie\sources\network\windows\tcp_socket.cpp" />
  </ItemGroup>
  <ItemGroup>
    <ClInclude Include="..\..\includes\cpp_redis\future_client.hpp" />
    <ClInclude Include="..\..\includes\cpp_redis\logger.hpp" />
    <ClInclude Include="..\..\includes\cpp_redis\redis_client.hpp" />
    <ClInclude Include="..\..\includes\cpp_redis\redis_error.hpp" />
    <ClInclude Include="..\..\includes\cpp_redis\redis_subscriber.hpp" />
    <ClInclude Include="..\..\includes\cpp_redis\reply.hpp" />
    <ClInclude Include="..\..\includes\cpp_redis\builders\array_builder.hpp" />
    <ClInclude Include="..\..\includes\cpp_redis\builders\builder_iface.hpp" />
    <ClInclude Include="..\..\includes\cpp_redis\builders\builders_factory.hpp" />
    <ClInclude Include="..\..\includes\cpp_redis\builders\bulk_string_builder.hpp" />
    <ClInclude Include="..\..\includes\cpp_redis\builders\error_builder.hpp" />
    <ClInclude Include="..\..\includes\cpp_redis\builders\integer_builder.hpp" />
    <ClInclude Include="..\..\includes\cpp_redis\builders\reply_builder.hpp" />
    <ClInclude Include="..\..\includes\cpp_redis\builders\simple_string_builder.hpp" />
    <ClInclude Include="..\..\includes\cpp_redis\network\redis_connection.hpp" />
    <ClInclude Include="..\..\includes\cpp_redis\network\tcp_client.hpp" />
    <ClInclude Include="..\..\includes\cpp_redis\network\tcp_client_iface.hpp" />
    <ClInclude Include="..\..\tacopie\includes\tacopie\error.hpp" />
    <ClInclude Include="..\..\tacopie\includes\tacopie\logger.hpp" />
    <ClInclude Include="..\..\tacopie\includes\tacopie\typedefs.hpp" />
    <ClInclude Include="..\..\tacopie\includes\tacopie\network\io_service.hpp" />
    <ClInclude Include="..\..\tacopie\includes\tacopie\network\self_pipe.hpp" />
    <ClInclude Include="..\..\tacopie\includes\tacopie\network\tcp_client.hpp" />
    <ClInclude Include="..\..\tacopie\includes\tacopie\network\tcp_server.hpp" />
    <ClInclude Include="..\..\tacopie\includes\tacopie\network\tcp_socket.hpp" />
    <ClInclude Include="..\..\tacopie\includes\tacopie\utils\thread_pool.hpp" />
  </ItemGroup>
  <ItemGroup>
    <Filter Include="Source Files">
      <UniqueIdentifier>{C1F7E7FE-EF3A-33B5-A805-7C6A160049CE}</UniqueIdentifier>
    </Filter>
    <Filter Include="Header Files">
      <UniqueIdentifier>{F918EC75-2B0D-3300-8096-322366CC75E3}</UniqueIdentifier>
    </Filter>
  </ItemGroup>
</Project>